
Microsoft Visual Studio Solution File, Format Version 12.00
# Visual Studio 15
VisualStudioVersion = 15.0.26124.0
MinimumVisualStudioVersion = 15.0.26124.0
Project("{2150E333-8FDC-42A3-9474-1A3956D46DE8}") = "BowlingGame", "BowlingGame", "{243E8ED8-BCCE-41E3-9A1C-1DC4FD0DDA34}"
EndProject
Project("{FAE04EC0-301F-11D3-BF4B-00C04F79EFBC}") = "BowlingGame.Core", "BowlingGame\BowlingGame.Core\BowlingGame.Core.csproj", "{35678D62-5CBC-4FF6-BD7F-EDD6429AC93A}"
EndProject
Project("{FAE04EC0-301F-11D3-BF4B-00C04F79EFBC}") = "BowlingGame.Core.UnitTests", "BowlingGame\BowlingGame.Core.UnitTests\BowlingGame.Core.UnitTests.csproj", "{E2A48D9F-5CDE-42B7-A6E1-C2A52D131190}"
EndProject
Project("{2150E333-8FDC-42A3-9474-1A3956D46DE8}") = "FizzBuzz", "FizzBuzz", "{079B3283-5689-4257-AFEA-7AA6AB1F6CAF}"
EndProject
Project("{FAE04EC0-301F-11D3-BF4B-00C04F79EFBC}") = "FizzBuzz.Core.UnitTests", "FizzBuzz\FizzBuzz.Core.UnitTests\FizzBuzz.Core.UnitTests.csproj", "{A930C88B-40A9-49D2-8B3A-6EC9E171A04B}"
EndProject
Project("{FAE04EC0-301F-11D3-BF4B-00C04F79EFBC}") = "FizzBuzz.Core", "FizzBuzz\FizzBuzz.Core\FizzBuzz.Core.csproj", "{8F467B11-A22B-42F5-9BA6-0C42BD22EFFC}"
EndProject
Project("{2150E333-8FDC-42A3-9474-1A3956D46DE8}") = "Wardrobe", "Wardrobe", "{5A8FC48C-8EBA-42E7-9489-97C5D7E699A7}"
EndProject
Project("{FAE04EC0-301F-11D3-BF4B-00C04F79EFBC}") = "Wardrobe.Core", "Wardrobe\Wardrobe.Core\Wardrobe.Core.csproj", "{8C28D44C-D938-4019-812E-B5947C0E5B4E}"
EndProject
Project("{FAE04EC0-301F-11D3-BF4B-00C04F79EFBC}") = "Wardrobe.Core.UnitTests", "Wardrobe\Wardrobe.Core.UnitTests\Wardrobe.Core.UnitTests.csproj", "{DF0F75D9-6824-4D70-AC08-9FE03239D66E}"
EndProject
Project("{2150E333-8FDC-42A3-9474-1A3956D46DE8}") = "TicTacToe", "TicTacToe", "{1204E5E1-6C82-447B-89C0-AFAD8DDF402C}"
EndProject
Project("{FAE04EC0-301F-11D3-BF4B-00C04F79EFBC}") = "TicTacToe.Core", "TicTacToe\TicTacToe.Core\TicTacToe.Core.csproj", "{9B7F60BC-0B2A-48EF-A907-FC72FECDD64D}"
EndProject
Project("{FAE04EC0-301F-11D3-BF4B-00C04F79EFBC}") = "TicTacToe.Core.UnitTests", "TicTacToe\TicTacToe.Core.UnitTests\TicTacToe.Core.UnitTests.csproj", "{09C1C6C1-87F8-45A6-A057-7926CE41AFBC}"
EndProject
Project("{2150E333-8FDC-42A3-9474-1A3956D46DE8}") = "PasswordVerifier", "PasswordVerifier", "{BD2645DC-40EF-4469-AC1B-60964A8946F4}"
EndProject
Project("{FAE04EC0-301F-11D3-BF4B-00C04F79EFBC}") = "PasswordVerifier.Core", "PasswordVerifier\PasswordVerifier.Core\PasswordVerifier.Core.csproj", "{C73C346E-04C7-4E84-B60F-C9D1DC88D4B7}"
EndProject
Project("{FAE04EC0-301F-11D3-BF4B-00C04F79EFBC}") = "PasswordVerifier.Core.UnitTests", "PasswordVerifier\PasswordVerifier.Core.UnitTests\PasswordVerifier.Core.UnitTests.csproj", "{3263DF04-2C49-47A4-A060-81A60DD130F1}"
EndProject
Global
	GlobalSection(SolutionConfigurationPlatforms) = preSolution
		Debug|Any CPU = Debug|Any CPU
		Debug|x64 = Debug|x64
		Debug|x86 = Debug|x86
		Release|Any CPU = Release|Any CPU
		Release|x64 = Release|x64
		Release|x86 = Release|x86
	EndGlobalSection
	GlobalSection(SolutionProperties) = preSolution
		HideSolutionNode = FALSE
	EndGlobalSection
	GlobalSection(ProjectConfigurationPlatforms) = postSolution
		{35678D62-5CBC-4FF6-BD7F-EDD6429AC93A}.Debug|Any CPU.ActiveCfg = Debug|Any CPU
		{35678D62-5CBC-4FF6-BD7F-EDD6429AC93A}.Debug|Any CPU.Build.0 = Debug|Any CPU
		{35678D62-5CBC-4FF6-BD7F-EDD6429AC93A}.Debug|x64.ActiveCfg = Debug|Any CPU
		{35678D62-5CBC-4FF6-BD7F-EDD6429AC93A}.Debug|x64.Build.0 = Debug|Any CPU
		{35678D62-5CBC-4FF6-BD7F-EDD6429AC93A}.Debug|x86.ActiveCfg = Debug|Any CPU
		{35678D62-5CBC-4FF6-BD7F-EDD6429AC93A}.Debug|x86.Build.0 = Debug|Any CPU
		{35678D62-5CBC-4FF6-BD7F-EDD6429AC93A}.Release|Any CPU.ActiveCfg = Release|Any CPU
		{35678D62-5CBC-4FF6-BD7F-EDD6429AC93A}.Release|Any CPU.Build.0 = Release|Any CPU
		{35678D62-5CBC-4FF6-BD7F-EDD6429AC93A}.Release|x64.ActiveCfg = Release|Any CPU
		{35678D62-5CBC-4FF6-BD7F-EDD6429AC93A}.Release|x64.Build.0 = Release|Any CPU
		{35678D62-5CBC-4FF6-BD7F-EDD6429AC93A}.Release|x86.ActiveCfg = Release|Any CPU
		{35678D62-5CBC-4FF6-BD7F-EDD6429AC93A}.Release|x86.Build.0 = Release|Any CPU
		{E2A48D9F-5CDE-42B7-A6E1-C2A52D131190}.Debug|Any CPU.ActiveCfg = Debug|Any CPU
		{E2A48D9F-5CDE-42B7-A6E1-C2A52D131190}.Debug|Any CPU.Build.0 = Debug|Any CPU
		{E2A48D9F-5CDE-42B7-A6E1-C2A52D131190}.Debug|x64.ActiveCfg = Debug|Any CPU
		{E2A48D9F-5CDE-42B7-A6E1-C2A52D131190}.Debug|x64.Build.0 = Debug|Any CPU
		{E2A48D9F-5CDE-42B7-A6E1-C2A52D131190}.Debug|x86.ActiveCfg = Debug|Any CPU
		{E2A48D9F-5CDE-42B7-A6E1-C2A52D131190}.Debug|x86.Build.0 = Debug|Any CPU
		{E2A48D9F-5CDE-42B7-A6E1-C2A52D131190}.Release|Any CPU.ActiveCfg = Release|Any CPU
		{E2A48D9F-5CDE-42B7-A6E1-C2A52D131190}.Release|Any CPU.Build.0 = Release|Any CPU
		{E2A48D9F-5CDE-42B7-A6E1-C2A52D131190}.Release|x64.ActiveCfg = Release|Any CPU
		{E2A48D9F-5CDE-42B7-A6E1-C2A52D131190}.Release|x64.Build.0 = Release|Any CPU
		{E2A48D9F-5CDE-42B7-A6E1-C2A52D131190}.Release|x86.ActiveCfg = Release|Any CPU
		{E2A48D9F-5CDE-42B7-A6E1-C2A52D131190}.Release|x86.Build.0 = Release|Any CPU
		{A930C88B-40A9-49D2-8B3A-6EC9E171A04B}.Debug|Any CPU.ActiveCfg = Debug|Any CPU
		{A930C88B-40A9-49D2-8B3A-6EC9E171A04B}.Debug|Any CPU.Build.0 = Debug|Any CPU
		{A930C88B-40A9-49D2-8B3A-6EC9E171A04B}.Debug|x64.ActiveCfg = Debug|Any CPU
		{A930C88B-40A9-49D2-8B3A-6EC9E171A04B}.Debug|x64.Build.0 = Debug|Any CPU
		{A930C88B-40A9-49D2-8B3A-6EC9E171A04B}.Debug|x86.ActiveCfg = Debug|Any CPU
		{A930C88B-40A9-49D2-8B3A-6EC9E171A04B}.Debug|x86.Build.0 = Debug|Any CPU
		{A930C88B-40A9-49D2-8B3A-6EC9E171A04B}.Release|Any CPU.ActiveCfg = Release|Any CPU
		{A930C88B-40A9-49D2-8B3A-6EC9E171A04B}.Release|Any CPU.Build.0 = Release|Any CPU
		{A930C88B-40A9-49D2-8B3A-6EC9E171A04B}.Release|x64.ActiveCfg = Release|Any CPU
		{A930C88B-40A9-49D2-8B3A-6EC9E171A04B}.Release|x64.Build.0 = Release|Any CPU
		{A930C88B-40A9-49D2-8B3A-6EC9E171A04B}.Release|x86.ActiveCfg = Release|Any CPU
		{A930C88B-40A9-49D2-8B3A-6EC9E171A04B}.Release|x86.Build.0 = Release|Any CPU
		{8F467B11-A22B-42F5-9BA6-0C42BD22EFFC}.Debug|Any CPU.ActiveCfg = Debug|Any CPU
		{8F467B11-A22B-42F5-9BA6-0C42BD22EFFC}.Debug|Any CPU.Build.0 = Debug|Any CPU
		{8F467B11-A22B-42F5-9BA6-0C42BD22EFFC}.Debug|x64.ActiveCfg = Debug|Any CPU
		{8F467B11-A22B-42F5-9BA6-0C42BD22EFFC}.Debug|x64.Build.0 = Debug|Any CPU
		{8F467B11-A22B-42F5-9BA6-0C42BD22EFFC}.Debug|x86.ActiveCfg = Debug|Any CPU
		{8F467B11-A22B-42F5-9BA6-0C42BD22EFFC}.Debug|x86.Build.0 = Debug|Any CPU
		{8F467B11-A22B-42F5-9BA6-0C42BD22EFFC}.Release|Any CPU.ActiveCfg = Release|Any CPU
		{8F467B11-A22B-42F5-9BA6-0C42BD22EFFC}.Release|Any CPU.Build.0 = Release|Any CPU
		{8F467B11-A22B-42F5-9BA6-0C42BD22EFFC}.Release|x64.ActiveCfg = Release|Any CPU
		{8F467B11-A22B-42F5-9BA6-0C42BD22EFFC}.Release|x64.Build.0 = Release|Any CPU
		{8F467B11-A22B-42F5-9BA6-0C42BD22EFFC}.Release|x86.ActiveCfg = Release|Any CPU
		{8F467B11-A22B-42F5-9BA6-0C42BD22EFFC}.Release|x86.Build.0 = Release|Any CPU
		{8C28D44C-D938-4019-812E-B5947C0E5B4E}.Debug|Any CPU.ActiveCfg = Debug|Any CPU
		{8C28D44C-D938-4019-812E-B5947C0E5B4E}.Debug|Any CPU.Build.0 = Debug|Any CPU
		{8C28D44C-D938-4019-812E-B5947C0E5B4E}.Debug|x64.ActiveCfg = Debug|Any CPU
		{8C28D44C-D938-4019-812E-B5947C0E5B4E}.Debug|x64.Build.0 = Debug|Any CPU
		{8C28D44C-D938-4019-812E-B5947C0E5B4E}.Debug|x86.ActiveCfg = Debug|Any CPU
		{8C28D44C-D938-4019-812E-B5947C0E5B4E}.Debug|x86.Build.0 = Debug|Any CPU
		{8C28D44C-D938-4019-812E-B5947C0E5B4E}.Release|Any CPU.ActiveCfg = Release|Any CPU
		{8C28D44C-D938-4019-812E-B5947C0E5B4E}.Release|Any CPU.Build.0 = Release|Any CPU
		{8C28D44C-D938-4019-812E-B5947C0E5B4E}.Release|x64.ActiveCfg = Release|Any CPU
		{8C28D44C-D938-4019-812E-B5947C0E5B4E}.Release|x64.Build.0 = Release|Any CPU
		{8C28D44C-D938-4019-812E-B5947C0E5B4E}.Release|x86.ActiveCfg = Release|Any CPU
		{8C28D44C-D938-4019-812E-B5947C0E5B4E}.Release|x86.Build.0 = Release|Any CPU
		{DF0F75D9-6824-4D70-AC08-9FE03239D66E}.Debug|Any CPU.ActiveCfg = Debug|Any CPU
		{DF0F75D9-6824-4D70-AC08-9FE03239D66E}.Debug|Any CPU.Build.0 = Debug|Any CPU
		{DF0F75D9-6824-4D70-AC08-9FE03239D66E}.Debug|x64.ActiveCfg = Debug|Any CPU
		{DF0F75D9-6824-4D70-AC08-9FE03239D66E}.Debug|x64.Build.0 = Debug|Any CPU
		{DF0F75D9-6824-4D70-AC08-9FE03239D66E}.Debug|x86.ActiveCfg = Debug|Any CPU
		{DF0F75D9-6824-4D70-AC08-9FE03239D66E}.Debug|x86.Build.0 = Debug|Any CPU
		{DF0F75D9-6824-4D70-AC08-9FE03239D66E}.Release|Any CPU.ActiveCfg = Release|Any CPU
		{DF0F75D9-6824-4D70-AC08-9FE03239D66E}.Release|Any CPU.Build.0 = Release|Any CPU
		{DF0F75D9-6824-4D70-AC08-9FE03239D66E}.Release|x64.ActiveCfg = Release|Any CPU
		{DF0F75D9-6824-4D70-AC08-9FE03239D66E}.Release|x64.Build.0 = Release|Any CPU
		{DF0F75D9-6824-4D70-AC08-9FE03239D66E}.Release|x86.ActiveCfg = Release|Any CPU
		{DF0F75D9-6824-4D70-AC08-9FE03239D66E}.Release|x86.Build.0 = Release|Any CPU
		{9B7F60BC-0B2A-48EF-A907-FC72FECDD64D}.Debug|Any CPU.ActiveCfg = Debug|Any CPU
		{9B7F60BC-0B2A-48EF-A907-FC72FECDD64D}.Debug|Any CPU.Build.0 = Debug|Any CPU
		{9B7F60BC-0B2A-48EF-A907-FC72FECDD64D}.Debug|x64.ActiveCfg = Debug|Any CPU
		{9B7F60BC-0B2A-48EF-A907-FC72FECDD64D}.Debug|x64.Build.0 = Debug|Any CPU
		{9B7F60BC-0B2A-48EF-A907-FC72FECDD64D}.Debug|x86.ActiveCfg = Debug|Any CPU
		{9B7F60BC-0B2A-48EF-A907-FC72FECDD64D}.Debug|x86.Build.0 = Debug|Any CPU
		{9B7F60BC-0B2A-48EF-A907-FC72FECDD64D}.Release|Any CPU.ActiveCfg = Release|Any CPU
		{9B7F60BC-0B2A-48EF-A907-FC72FECDD64D}.Release|Any CPU.Build.0 = Release|Any CPU
		{9B7F60BC-0B2A-48EF-A907-FC72FECDD64D}.Release|x64.ActiveCfg = Release|Any CPU
		{9B7F60BC-0B2A-48EF-A907-FC72FECDD64D}.Release|x64.Build.0 = Release|Any CPU
		{9B7F60BC-0B2A-48EF-A907-FC72FECDD64D}.Release|x86.ActiveCfg = Release|Any CPU
		{9B7F60BC-0B2A-48EF-A907-FC72FECDD64D}.Release|x86.Build.0 = Release|Any CPU
		{09C1C6C1-87F8-45A6-A057-7926CE41AFBC}.Debug|Any CPU.ActiveCfg = Debug|Any CPU
		{09C1C6C1-87F8-45A6-A057-7926CE41AFBC}.Debug|Any CPU.Build.0 = Debug|Any CPU
		{09C1C6C1-87F8-45A6-A057-7926CE41AFBC}.Debug|x64.ActiveCfg = Debug|Any CPU
		{09C1C6C1-87F8-45A6-A057-7926CE41AFBC}.Debug|x64.Build.0 = Debug|Any CPU
		{09C1C6C1-87F8-45A6-A057-7926CE41AFBC}.Debug|x86.ActiveCfg = Debug|Any CPU
		{09C1C6C1-87F8-45A6-A057-7926CE41AFBC}.Debug|x86.Build.0 = Debug|Any CPU
		{09C1C6C1-87F8-45A6-A057-7926CE41AFBC}.Release|Any CPU.ActiveCfg = Release|Any CPU
		{09C1C6C1-87F8-45A6-A057-7926CE41AFBC}.Release|Any CPU.Build.0 = Release|Any CPU
		{09C1C6C1-87F8-45A6-A057-7926CE41AFBC}.Release|x64.ActiveCfg = Release|Any CPU
		{09C1C6C1-87F8-45A6-A057-7926CE41AFBC}.Release|x64.Build.0 = Release|Any CPU
		{09C1C6C1-87F8-45A6-A057-7926CE41AFBC}.Release|x86.ActiveCfg = Release|Any CPU
		{09C1C6C1-87F8-45A6-A057-7926CE41AFBC}.Release|x86.Build.0 = Release|Any CPU
		{C73C346E-04C7-4E84-B60F-C9D1DC88D4B7}.Debug|Any CPU.ActiveCfg = Debug|Any CPU
		{C73C346E-04C7-4E84-B60F-C9D1DC88D4B7}.Debug|Any CPU.Build.0 = Debug|Any CPU
		{C73C346E-04C7-4E84-B60F-C9D1DC88D4B7}.Debug|x64.ActiveCfg = Debug|Any CPU
		{C73C346E-04C7-4E84-B60F-C9D1DC88D4B7}.Debug|x64.Build.0 = Debug|Any CPU
		{C73C346E-04C7-4E84-B60F-C9D1DC88D4B7}.Debug|x86.ActiveCfg = Debug|Any CPU
		{C73C346E-04C7-4E84-B60F-C9D1DC88D4B7}.Debug|x86.Build.0 = Debug|Any CPU
		{C73C346E-04C7-4E84-B60F-C9D1DC88D4B7}.Release|Any CPU.ActiveCfg = Release|Any CPU
		{C73C346E-04C7-4E84-B60F-C9D1DC88D4B7}.Release|Any CPU.Build.0 = Release|Any CPU
		{C73C346E-04C7-4E84-B60F-C9D1DC88D4B7}.Release|x64.ActiveCfg = Release|Any CPU
		{C73C346E-04C7-4E84-B60F-C9D1DC88D4B7}.Release|x64.Build.0 = Release|Any CPU
		{C73C346E-04C7-4E84-B60F-C9D1DC88D4B7}.Release|x86.ActiveCfg = Release|Any CPU
		{C73C346E-04C7-4E84-B60F-C9D1DC88D4B7}.Release|x86.Build.0 = Release|Any CPU
		{3263DF04-2C49-47A4-A060-81A60DD130F1}.Debug|Any CPU.ActiveCfg = Debug|Any CPU
		{3263DF04-2C49-47A4-A060-81A60DD130F1}.Debug|Any CPU.Build.0 = Debug|Any CPU
		{3263DF04-2C49-47A4-A060-81A60DD130F1}.Debug|x64.ActiveCfg = Debug|Any CPU
		{3263DF04-2C49-47A4-A060-81A60DD130F1}.Debug|x64.Build.0 = Debug|Any CPU
		{3263DF04-2C49-47A4-A060-81A60DD130F1}.Debug|x86.ActiveCfg = Debug|Any CPU
		{3263DF04-2C49-47A4-A060-81A60DD130F1}.Debug|x86.Build.0 = Debug|Any CPU
		{3263DF04-2C49-47A4-A060-81A60DD130F1}.Release|Any CPU.ActiveCfg = Release|Any CPU
		{3263DF04-2C49-47A4-A060-81A60DD130F1}.Release|Any CPU.Build.0 = Release|Any CPU
		{3263DF04-2C49-47A4-A060-81A60DD130F1}.Release|x64.ActiveCfg = Release|Any CPU
		{3263DF04-2C49-47A4-A060-81A60DD130F1}.Release|x64.Build.0 = Release|Any CPU
		{3263DF04-2C49-47A4-A060-81A60DD130F1}.Release|x86.ActiveCfg = Release|Any CPU
		{3263DF04-2C49-47A4-A060-81A60DD130F1}.Release|x86.Build.0 = Release|Any CPU
	EndGlobalSection
	GlobalSection(NestedProjects) = preSolution
		{35678D62-5CBC-4FF6-BD7F-EDD6429AC93A} = {243E8ED8-BCCE-41E3-9A1C-1DC4FD0DDA34}
		{E2A48D9F-5CDE-42B7-A6E1-C2A52D131190} = {243E8ED8-BCCE-41E3-9A1C-1DC4FD0DDA34}
		{A930C88B-40A9-49D2-8B3A-6EC9E171A04B} = {079B3283-5689-4257-AFEA-7AA6AB1F6CAF}
		{8F467B11-A22B-42F5-9BA6-0C42BD22EFFC} = {079B3283-5689-4257-AFEA-7AA6AB1F6CAF}
		{8C28D44C-D938-4019-812E-B5947C0E5B4E} = {5A8FC48C-8EBA-42E7-9489-97C5D7E699A7}
		{DF0F75D9-6824-4D70-AC08-9FE03239D66E} = {5A8FC48C-8EBA-42E7-9489-97C5D7E699A7}
		{9B7F60BC-0B2A-48EF-A907-FC72FECDD64D} = {1204E5E1-6C82-447B-89C0-AFAD8DDF402C}
		{09C1C6C1-87F8-45A6-A057-7926CE41AFBC} = {1204E5E1-6C82-447B-89C0-AFAD8DDF402C}
		{C73C346E-04C7-4E84-B60F-C9D1DC88D4B7} = {BD2645DC-40EF-4469-AC1B-60964A8946F4}
		{3263DF04-2C49-47A4-A060-81A60DD130F1} = {BD2645DC-40EF-4469-AC1B-60964A8946F4}
	EndGlobalSection
EndGlobal
