
Microsoft Visual Studio Solution File, Format Version 12.00
# Visual Studio Version 17
VisualStudioVersion = 17.0.31903.59
MinimumVisualStudioVersion = 10.0.40219.1
Project("{FAE04EC0-301F-11D3-BF4B-00C04F79EFBC}") = "InventoryManager.Logic", "src\InventoryManager.Logic.csproj", "{BE76650F-AA11-4C1D-8580-F20A726EC0CC}"
EndProject
Project("{FAE04EC0-301F-11D3-BF4B-00C04F79EFBC}") = "InventoryManager.UnitTests", "test\InventoryManager.UnitTests.csproj", "{C972A7FE-D377-4CA4-8BA9-37F66F4554CD}"
EndProject
Global
	GlobalSection(SolutionConfigurationPlatforms) = preSolution
		Debug|Any CPU = Debug|Any CPU
		Release|Any CPU = Release|Any CPU
	EndGlobalSection
	GlobalSection(SolutionProperties) = preSolution
		HideSolutionNode = FALSE
	EndGlobalSection
	GlobalSection(ProjectConfigurationPlatforms) = postSolution
		{BE76650F-AA11-4C1D-8580-F20A726EC0CC}.Debug|Any CPU.ActiveCfg = Debug|Any CPU
		{BE76650F-AA11-4C1D-8580-F20A726EC0CC}.Debug|Any CPU.Build.0 = Debug|Any CPU
		{BE76650F-AA11-4C1D-8580-F20A726EC0CC}.Release|Any CPU.ActiveCfg = Release|Any CPU
		{BE76650F-AA11-4C1D-8580-F20A726EC0CC}.Release|Any CPU.Build.0 = Release|Any CPU
		{C972A7FE-D377-4CA4-8BA9-37F66F4554CD}.Debug|Any CPU.ActiveCfg = Debug|Any CPU
		{C972A7FE-D377-4CA4-8BA9-37F66F4554CD}.Debug|Any CPU.Build.0 = Debug|Any CPU
		{C972A7FE-D377-4CA4-8BA9-37F66F4554CD}.Release|Any CPU.ActiveCfg = Release|Any CPU
		{C972A7FE-D377-4CA4-8BA9-37F66F4554CD}.Release|Any CPU.Build.0 = Release|Any CPU
	EndGlobalSection
EndGlobal
