
Microsoft Visual Studio Solution File, Format Version 12.00
# Visual Studio 15
VisualStudioVersion = 15.0.26124.0
MinimumVisualStudioVersion = 15.0.26124.0
Project("{FAE04EC0-301F-11D3-BF4B-00C04F79EFBC}") = "PasswordVerifier.Core", "PasswordVerifier.Core\PasswordVerifier.Core.csproj", "{FF8FB256-EA05-4ED7-B07A-55C659996AB3}"
EndProject
Project("{FAE04EC0-301F-11D3-BF4B-00C04F79EFBC}") = "PasswordVerifier.Core.UnitTests", "PasswordVerifier.Core.UnitTests\PasswordVerifier.Core.UnitTests.csproj", "{B9A94B8B-28ED-406F-BB3D-66E3D0BE63A2}"
EndProject
Global
	GlobalSection(SolutionConfigurationPlatforms) = preSolution
		Debug|Any CPU = Debug|Any CPU
		Debug|x64 = Debug|x64
		Debug|x86 = Debug|x86
		Release|Any CPU = Release|Any CPU
		Release|x64 = Release|x64
		Release|x86 = Release|x86
	EndGlobalSection
	GlobalSection(SolutionProperties) = preSolution
		HideSolutionNode = FALSE
	EndGlobalSection
	GlobalSection(ProjectConfigurationPlatforms) = postSolution
		{FF8FB256-EA05-4ED7-B07A-55C659996AB3}.Debug|Any CPU.ActiveCfg = Debug|Any CPU
		{FF8FB256-EA05-4ED7-B07A-55C659996AB3}.Debug|Any CPU.Build.0 = Debug|Any CPU
		{FF8FB256-EA05-4ED7-B07A-55C659996AB3}.Debug|x64.ActiveCfg = Debug|Any CPU
		{FF8FB256-EA05-4ED7-B07A-55C659996AB3}.Debug|x64.Build.0 = Debug|Any CPU
		{FF8FB256-EA05-4ED7-B07A-55C659996AB3}.Debug|x86.ActiveCfg = Debug|Any CPU
		{FF8FB256-EA05-4ED7-B07A-55C659996AB3}.Debug|x86.Build.0 = Debug|Any CPU
		{FF8FB256-EA05-4ED7-B07A-55C659996AB3}.Release|Any CPU.ActiveCfg = Release|Any CPU
		{FF8FB256-EA05-4ED7-B07A-55C659996AB3}.Release|Any CPU.Build.0 = Release|Any CPU
		{FF8FB256-EA05-4ED7-B07A-55C659996AB3}.Release|x64.ActiveCfg = Release|Any CPU
		{FF8FB256-EA05-4ED7-B07A-55C659996AB3}.Release|x64.Build.0 = Release|Any CPU
		{FF8FB256-EA05-4ED7-B07A-55C659996AB3}.Release|x86.ActiveCfg = Release|Any CPU
		{FF8FB256-EA05-4ED7-B07A-55C659996AB3}.Release|x86.Build.0 = Release|Any CPU
		{B9A94B8B-28ED-406F-BB3D-66E3D0BE63A2}.Debug|Any CPU.ActiveCfg = Debug|Any CPU
		{B9A94B8B-28ED-406F-BB3D-66E3D0BE63A2}.Debug|Any CPU.Build.0 = Debug|Any CPU
		{B9A94B8B-28ED-406F-BB3D-66E3D0BE63A2}.Debug|x64.ActiveCfg = Debug|Any CPU
		{B9A94B8B-28ED-406F-BB3D-66E3D0BE63A2}.Debug|x64.Build.0 = Debug|Any CPU
		{B9A94B8B-28ED-406F-BB3D-66E3D0BE63A2}.Debug|x86.ActiveCfg = Debug|Any CPU
		{B9A94B8B-28ED-406F-BB3D-66E3D0BE63A2}.Debug|x86.Build.0 = Debug|Any CPU
		{B9A94B8B-28ED-406F-BB3D-66E3D0BE63A2}.Release|Any CPU.ActiveCfg = Release|Any CPU
		{B9A94B8B-28ED-406F-BB3D-66E3D0BE63A2}.Release|Any CPU.Build.0 = Release|Any CPU
		{B9A94B8B-28ED-406F-BB3D-66E3D0BE63A2}.Release|x64.ActiveCfg = Release|Any CPU
		{B9A94B8B-28ED-406F-BB3D-66E3D0BE63A2}.Release|x64.Build.0 = Release|Any CPU
		{B9A94B8B-28ED-406F-BB3D-66E3D0BE63A2}.Release|x86.ActiveCfg = Release|Any CPU
		{B9A94B8B-28ED-406F-BB3D-66E3D0BE63A2}.Release|x86.Build.0 = Release|Any CPU
	EndGlobalSection
EndGlobal
